
Microsoft Visual Studio Solution File, Format Version 12.00
# Visual Studio Version 16
VisualStudioVersion = 16.0.29728.190
MinimumVisualStudioVersion = 10.0.40219.1
Project("{FAE04EC0-301F-11D3-BF4B-00C04F79EFBC}") = "Euler8", "Euler8\Euler8.csproj", "{FB1555A9-4ABA-4CF5-A8F9-613264FEBED3}"
EndProject
Global
	GlobalSection(SolutionConfigurationPlatforms) = preSolution
		Debug|Any CPU = Debug|Any CPU
		Release|Any CPU = Release|Any CPU
	EndGlobalSection
	GlobalSection(ProjectConfigurationPlatforms) = postSolution
		{FB1555A9-4ABA-4CF5-A8F9-613264FEBED3}.Debug|Any CPU.ActiveCfg = Debug|Any CPU
		{FB1555A9-4ABA-4CF5-A8F9-613264FEBED3}.Debug|Any CPU.Build.0 = Debug|Any CPU
		{FB1555A9-4ABA-4CF5-A8F9-613264FEBED3}.Release|Any CPU.ActiveCfg = Release|Any CPU
		{FB1555A9-4ABA-4CF5-A8F9-613264FEBED3}.Release|Any CPU.Build.0 = Release|Any CPU
	EndGlobalSection
	GlobalSection(SolutionProperties) = preSolution
		HideSolutionNode = FALSE
	EndGlobalSection
	GlobalSection(ExtensibilityGlobals) = postSolution
		SolutionGuid = {465BBE29-CD7A-4E8D-A142-927AB902B5F4}
	EndGlobalSection
EndGlobal
